
Microsoft Visual Studio Solution File, Format Version 12.00
# Visual Studio Version 17
VisualStudioVersion = 17.4.33122.133
MinimumVisualStudioVersion = 10.0.40219.1
Project("{FAE04EC0-301F-11D3-BF4B-00C04F79EFBC}") = "exec", "exec\exec.csproj", "{A8B59485-38FF-44F8-8DAC-3E74ABCACFA9}"
EndProject
Global
	GlobalSection(SolutionConfigurationPlatforms) = preSolution
		Debug|Any CPU = Debug|Any CPU
		Release|Any CPU = Release|Any CPU
	EndGlobalSection
	GlobalSection(ProjectConfigurationPlatforms) = postSolution
		{A8B59485-38FF-44F8-8DAC-3E74ABCACFA9}.Debug|Any CPU.ActiveCfg = Debug|Any CPU
		{A8B59485-38FF-44F8-8DAC-3E74ABCACFA9}.Debug|Any CPU.Build.0 = Debug|Any CPU
		{A8B59485-38FF-44F8-8DAC-3E74ABCACFA9}.Release|Any CPU.ActiveCfg = Release|Any CPU
		{A8B59485-38FF-44F8-8DAC-3E74ABCACFA9}.Release|Any CPU.Build.0 = Release|Any CPU
	EndGlobalSection
	GlobalSection(SolutionProperties) = preSolution
		HideSolutionNode = FALSE
	EndGlobalSection
	GlobalSection(ExtensibilityGlobals) = postSolution
		SolutionGuid = {1A131176-C54F-4856-BBD0-E1FF4BD2AC1A}
	EndGlobalSection
EndGlobal
